
Microsoft Visual Studio Solution File, Format Version 12.00
# Visual Studio 15
VisualStudioVersion = 15.0.26124.0
MinimumVisualStudioVersion = 15.0.26124.0
Project("{FAE04EC0-301F-11D3-BF4B-00C04F79EFBC}") = "ByteBank.Portal", "ByteBank.Portal\ByteBank.Portal.csproj", "{31F08759-763E-40D4-8802-8695CC7A61FD}"
EndProject
Project("{FAE04EC0-301F-11D3-BF4B-00C04F79EFBC}") = "ByteBank.Service", "ByteBank.Service\ByteBank.Service.csproj", "{D4910E1D-C65C-4A16-A0C7-0FA16B2DC5BE}"
EndProject
Global
	GlobalSection(SolutionConfigurationPlatforms) = preSolution
		Debug|Any CPU = Debug|Any CPU
		Debug|x64 = Debug|x64
		Debug|x86 = Debug|x86
		Release|Any CPU = Release|Any CPU
		Release|x64 = Release|x64
		Release|x86 = Release|x86
	EndGlobalSection
	GlobalSection(SolutionProperties) = preSolution
		HideSolutionNode = FALSE
	EndGlobalSection
	GlobalSection(ProjectConfigurationPlatforms) = postSolution
		{31F08759-763E-40D4-8802-8695CC7A61FD}.Debug|Any CPU.ActiveCfg = Debug|Any CPU
		{31F08759-763E-40D4-8802-8695CC7A61FD}.Debug|Any CPU.Build.0 = Debug|Any CPU
		{31F08759-763E-40D4-8802-8695CC7A61FD}.Debug|x64.ActiveCfg = Debug|Any CPU
		{31F08759-763E-40D4-8802-8695CC7A61FD}.Debug|x64.Build.0 = Debug|Any CPU
		{31F08759-763E-40D4-8802-8695CC7A61FD}.Debug|x86.ActiveCfg = Debug|Any CPU
		{31F08759-763E-40D4-8802-8695CC7A61FD}.Debug|x86.Build.0 = Debug|Any CPU
		{31F08759-763E-40D4-8802-8695CC7A61FD}.Release|Any CPU.ActiveCfg = Release|Any CPU
		{31F08759-763E-40D4-8802-8695CC7A61FD}.Release|Any CPU.Build.0 = Release|Any CPU
		{31F08759-763E-40D4-8802-8695CC7A61FD}.Release|x64.ActiveCfg = Release|Any CPU
		{31F08759-763E-40D4-8802-8695CC7A61FD}.Release|x64.Build.0 = Release|Any CPU
		{31F08759-763E-40D4-8802-8695CC7A61FD}.Release|x86.ActiveCfg = Release|Any CPU
		{31F08759-763E-40D4-8802-8695CC7A61FD}.Release|x86.Build.0 = Release|Any CPU
		{D4910E1D-C65C-4A16-A0C7-0FA16B2DC5BE}.Debug|Any CPU.ActiveCfg = Debug|Any CPU
		{D4910E1D-C65C-4A16-A0C7-0FA16B2DC5BE}.Debug|Any CPU.Build.0 = Debug|Any CPU
		{D4910E1D-C65C-4A16-A0C7-0FA16B2DC5BE}.Debug|x64.ActiveCfg = Debug|Any CPU
		{D4910E1D-C65C-4A16-A0C7-0FA16B2DC5BE}.Debug|x64.Build.0 = Debug|Any CPU
		{D4910E1D-C65C-4A16-A0C7-0FA16B2DC5BE}.Debug|x86.ActiveCfg = Debug|Any CPU
		{D4910E1D-C65C-4A16-A0C7-0FA16B2DC5BE}.Debug|x86.Build.0 = Debug|Any CPU
		{D4910E1D-C65C-4A16-A0C7-0FA16B2DC5BE}.Release|Any CPU.ActiveCfg = Release|Any CPU
		{D4910E1D-C65C-4A16-A0C7-0FA16B2DC5BE}.Release|Any CPU.Build.0 = Release|Any CPU
		{D4910E1D-C65C-4A16-A0C7-0FA16B2DC5BE}.Release|x64.ActiveCfg = Release|Any CPU
		{D4910E1D-C65C-4A16-A0C7-0FA16B2DC5BE}.Release|x64.Build.0 = Release|Any CPU
		{D4910E1D-C65C-4A16-A0C7-0FA16B2DC5BE}.Release|x86.ActiveCfg = Release|Any CPU
		{D4910E1D-C65C-4A16-A0C7-0FA16B2DC5BE}.Release|x86.Build.0 = Release|Any CPU
	EndGlobalSection
EndGlobal
